
Microsoft Visual Studio Solution File, Format Version 12.00
# Visual Studio 14
VisualStudioVersion = 14.0.23107.0
MinimumVisualStudioVersion = 10.0.40219.1
Project("{FAE04EC0-301F-11D3-BF4B-00C04F79EFBC}") = "Test", "Test\Test.csproj", "{11696B77-5E0D-4798-AA38-46843E477D8F}"
EndProject
Project("{FAE04EC0-301F-11D3-BF4B-00C04F79EFBC}") = "Provider", "Provider\Provider.csproj", "{60837414-8013-47CB-83BE-BDA3338D1AD2}"
EndProject
Project("{FAE04EC0-301F-11D3-BF4B-00C04F79EFBC}") = "Trace", "Trace\Trace.csproj", "{6EF72B4D-89D8-46B0-89D9-2A78D4A22794}"
EndProject
Project("{FAE04EC0-301F-11D3-BF4B-00C04F79EFBC}") = "IEnumerable双重继承", "IEnumerable双重继承\IEnumerable双重继承.csproj", "{10400EEA-606A-4557-B263-AC77149AA21E}"
EndProject
Project("{FAE04EC0-301F-11D3-BF4B-00C04F79EFBC}") = "语法优化", "语法优化\语法优化.csproj", "{FE5AB989-996F-4428-94AC-3746A7999445}"
EndProject
Project("{FAE04EC0-301F-11D3-BF4B-00C04F79EFBC}") = "金额转大写", "金额转大写\金额转大写.csproj", "{597F752C-C248-4D02-8608-49577784BFE3}"
EndProject
Project("{FAE04EC0-301F-11D3-BF4B-00C04F79EFBC}") = "算法的运行时间", "算法的运行时间\算法的运行时间.csproj", "{796E7BC7-1DF7-48B1-92C4-EAF3FBEEA7A1}"
EndProject
Project("{FAE04EC0-301F-11D3-BF4B-00C04F79EFBC}") = "Thread1", "Thread\Thread1.csproj", "{368DB28C-9E61-4221-9121-022218146F8A}"
EndProject
Project("{FAE04EC0-301F-11D3-BF4B-00C04F79EFBC}") = "事件查看器", "事件查看器\事件查看器.csproj", "{16BD1253-37B5-4639-9FDC-7DB37AAFA660}"
EndProject
Project("{FAE04EC0-301F-11D3-BF4B-00C04F79EFBC}") = "性能计数器", "性能计数器\性能计数器.csproj", "{23D0DAFA-3EAD-4002-BC28-8C8C8F5AF4EF}"
EndProject
Project("{FAE04EC0-301F-11D3-BF4B-00C04F79EFBC}") = "SystemDiagnosticsProcessTest", "SystemDiagnosticsProcessTest\SystemDiagnosticsProcessTest.csproj", "{D2601F03-FE1A-46C1-AD48-808649819D0F}"
EndProject
Project("{FAE04EC0-301F-11D3-BF4B-00C04F79EFBC}") = "Test1", "Test1\Test1.csproj", "{DBAF9FF8-7304-465D-902E-8E4FFC2F9105}"
EndProject
Project("{FAE04EC0-301F-11D3-BF4B-00C04F79EFBC}") = "执行表达式目录树", "执行表达式目录树\执行表达式目录树.csproj", "{4565617E-08CC-42A3-9F67-F9AF3DEECBC0}"
EndProject
Project("{2150E333-8FDC-42A3-9474-1A3956D46DE8}") = "线程池使用", "线程池使用", "{07DB88DB-A8D7-49DB-AD64-6A56D9B6036D}"
EndProject
Project("{FAE04EC0-301F-11D3-BF4B-00C04F79EFBC}") = "ThreadPoolTest", "ThreadPoolTest\ThreadPoolTest.csproj", "{97F13C8B-A6BC-4613-8380-F17A688C48A5}"
EndProject
Project("{FAE04EC0-301F-11D3-BF4B-00C04F79EFBC}") = "ManualResetEventDemo", "ManualResetEventDemo\ManualResetEventDemo.csproj", "{E2738181-EECA-4642-B473-8268BEB6385C}"
EndProject
Project("{FAE04EC0-301F-11D3-BF4B-00C04F79EFBC}") = "TimerTest", "Timer\TimerTest.csproj", "{CD43F278-1398-4781-A70C-AE7C352F2442}"
EndProject
Project("{FAE04EC0-301F-11D3-BF4B-00C04F79EFBC}") = "ThreadPoolTest2", "ThreadPoolTest2\ThreadPoolTest2.csproj", "{52118A5F-3E8C-4D94-A9F3-8ED635A64CFC}"
EndProject
Project("{FAE04EC0-301F-11D3-BF4B-00C04F79EFBC}") = "test2", "test2\test2.csproj", "{F5665978-0738-4627-B79F-887FCA574746}"
EndProject
Project("{FAE04EC0-301F-11D3-BF4B-00C04F79EFBC}") = "Create AppDomain", "Create AppDomain\Create AppDomain\Create AppDomain.csproj", "{B4657BC2-D80B-4510-AA7D-65ACAE305889}"
EndProject
Project("{FAE04EC0-301F-11D3-BF4B-00C04F79EFBC}") = "Func_Test", "Func_Test\Func_Test.csproj", "{6DA1C36F-BB12-401B-B550-DA4313D4B5F3}"
EndProject
Project("{FAE04EC0-301F-11D3-BF4B-00C04F79EFBC}") = "Object Distinct", "Object Distinct\Object Distinct.csproj", "{6011E3E6-0510-46F1-8EF3-ECDBD0027CE8}"
EndProject
Project("{FAE04EC0-301F-11D3-BF4B-00C04F79EFBC}") = "Ioc_Autofac", "IOC-Autofac\Ioc_Autofac.csproj", "{EA9AC699-31A1-4586-9103-D0A7DC7E84DC}"
EndProject
Project("{FAE04EC0-301F-11D3-BF4B-00C04F79EFBC}") = "SqlConnection", "SqlConnection\SqlConnection.csproj", "{2564528C-45E7-4612-8B9B-105838287F92}"
EndProject
Project("{FAE04EC0-301F-11D3-BF4B-00C04F79EFBC}") = "PersonT", "PersonT\PersonT.csproj", "{4A29A431-BEB0-41F4-8789-F18A310AAA70}"
EndProject
Global
	GlobalSection(SolutionConfigurationPlatforms) = preSolution
		Debug|Any CPU = Debug|Any CPU
		Release|Any CPU = Release|Any CPU
	EndGlobalSection
	GlobalSection(ProjectConfigurationPlatforms) = postSolution
		{11696B77-5E0D-4798-AA38-46843E477D8F}.Debug|Any CPU.ActiveCfg = Debug|Any CPU
		{11696B77-5E0D-4798-AA38-46843E477D8F}.Debug|Any CPU.Build.0 = Debug|Any CPU
		{11696B77-5E0D-4798-AA38-46843E477D8F}.Release|Any CPU.ActiveCfg = Release|Any CPU
		{11696B77-5E0D-4798-AA38-46843E477D8F}.Release|Any CPU.Build.0 = Release|Any CPU
		{60837414-8013-47CB-83BE-BDA3338D1AD2}.Debug|Any CPU.ActiveCfg = Debug|Any CPU
		{60837414-8013-47CB-83BE-BDA3338D1AD2}.Debug|Any CPU.Build.0 = Debug|Any CPU
		{60837414-8013-47CB-83BE-BDA3338D1AD2}.Release|Any CPU.ActiveCfg = Release|Any CPU
		{60837414-8013-47CB-83BE-BDA3338D1AD2}.Release|Any CPU.Build.0 = Release|Any CPU
		{6EF72B4D-89D8-46B0-89D9-2A78D4A22794}.Debug|Any CPU.ActiveCfg = Debug|Any CPU
		{6EF72B4D-89D8-46B0-89D9-2A78D4A22794}.Debug|Any CPU.Build.0 = Debug|Any CPU
		{6EF72B4D-89D8-46B0-89D9-2A78D4A22794}.Release|Any CPU.ActiveCfg = Release|Any CPU
		{6EF72B4D-89D8-46B0-89D9-2A78D4A22794}.Release|Any CPU.Build.0 = Release|Any CPU
		{10400EEA-606A-4557-B263-AC77149AA21E}.Debug|Any CPU.ActiveCfg = Debug|Any CPU
		{10400EEA-606A-4557-B263-AC77149AA21E}.Debug|Any CPU.Build.0 = Debug|Any CPU
		{10400EEA-606A-4557-B263-AC77149AA21E}.Release|Any CPU.ActiveCfg = Release|Any CPU
		{10400EEA-606A-4557-B263-AC77149AA21E}.Release|Any CPU.Build.0 = Release|Any CPU
		{FE5AB989-996F-4428-94AC-3746A7999445}.Debug|Any CPU.ActiveCfg = Debug|Any CPU
		{FE5AB989-996F-4428-94AC-3746A7999445}.Debug|Any CPU.Build.0 = Debug|Any CPU
		{FE5AB989-996F-4428-94AC-3746A7999445}.Release|Any CPU.ActiveCfg = Release|Any CPU
		{FE5AB989-996F-4428-94AC-3746A7999445}.Release|Any CPU.Build.0 = Release|Any CPU
		{597F752C-C248-4D02-8608-49577784BFE3}.Debug|Any CPU.ActiveCfg = Debug|Any CPU
		{597F752C-C248-4D02-8608-49577784BFE3}.Debug|Any CPU.Build.0 = Debug|Any CPU
		{597F752C-C248-4D02-8608-49577784BFE3}.Release|Any CPU.ActiveCfg = Release|Any CPU
		{597F752C-C248-4D02-8608-49577784BFE3}.Release|Any CPU.Build.0 = Release|Any CPU
		{796E7BC7-1DF7-48B1-92C4-EAF3FBEEA7A1}.Debug|Any CPU.ActiveCfg = Debug|Any CPU
		{796E7BC7-1DF7-48B1-92C4-EAF3FBEEA7A1}.Debug|Any CPU.Build.0 = Debug|Any CPU
		{796E7BC7-1DF7-48B1-92C4-EAF3FBEEA7A1}.Release|Any CPU.ActiveCfg = Release|Any CPU
		{796E7BC7-1DF7-48B1-92C4-EAF3FBEEA7A1}.Release|Any CPU.Build.0 = Release|Any CPU
		{368DB28C-9E61-4221-9121-022218146F8A}.Debug|Any CPU.ActiveCfg = Debug|Any CPU
		{368DB28C-9E61-4221-9121-022218146F8A}.Debug|Any CPU.Build.0 = Debug|Any CPU
		{368DB28C-9E61-4221-9121-022218146F8A}.Release|Any CPU.ActiveCfg = Release|Any CPU
		{368DB28C-9E61-4221-9121-022218146F8A}.Release|Any CPU.Build.0 = Release|Any CPU
		{16BD1253-37B5-4639-9FDC-7DB37AAFA660}.Debug|Any CPU.ActiveCfg = Debug|Any CPU
		{16BD1253-37B5-4639-9FDC-7DB37AAFA660}.Debug|Any CPU.Build.0 = Debug|Any CPU
		{16BD1253-37B5-4639-9FDC-7DB37AAFA660}.Release|Any CPU.ActiveCfg = Release|Any CPU
		{16BD1253-37B5-4639-9FDC-7DB37AAFA660}.Release|Any CPU.Build.0 = Release|Any CPU
		{23D0DAFA-3EAD-4002-BC28-8C8C8F5AF4EF}.Debug|Any CPU.ActiveCfg = Debug|Any CPU
		{23D0DAFA-3EAD-4002-BC28-8C8C8F5AF4EF}.Debug|Any CPU.Build.0 = Debug|Any CPU
		{23D0DAFA-3EAD-4002-BC28-8C8C8F5AF4EF}.Release|Any CPU.ActiveCfg = Release|Any CPU
		{23D0DAFA-3EAD-4002-BC28-8C8C8F5AF4EF}.Release|Any CPU.Build.0 = Release|Any CPU
		{D2601F03-FE1A-46C1-AD48-808649819D0F}.Debug|Any CPU.ActiveCfg = Debug|Any CPU
		{D2601F03-FE1A-46C1-AD48-808649819D0F}.Debug|Any CPU.Build.0 = Debug|Any CPU
		{D2601F03-FE1A-46C1-AD48-808649819D0F}.Release|Any CPU.ActiveCfg = Release|Any CPU
		{D2601F03-FE1A-46C1-AD48-808649819D0F}.Release|Any CPU.Build.0 = Release|Any CPU
		{DBAF9FF8-7304-465D-902E-8E4FFC2F9105}.Debug|Any CPU.ActiveCfg = Debug|Any CPU
		{DBAF9FF8-7304-465D-902E-8E4FFC2F9105}.Debug|Any CPU.Build.0 = Debug|Any CPU
		{DBAF9FF8-7304-465D-902E-8E4FFC2F9105}.Release|Any CPU.ActiveCfg = Release|Any CPU
		{DBAF9FF8-7304-465D-902E-8E4FFC2F9105}.Release|Any CPU.Build.0 = Release|Any CPU
		{4565617E-08CC-42A3-9F67-F9AF3DEECBC0}.Debug|Any CPU.ActiveCfg = Debug|Any CPU
		{4565617E-08CC-42A3-9F67-F9AF3DEECBC0}.Debug|Any CPU.Build.0 = Debug|Any CPU
		{4565617E-08CC-42A3-9F67-F9AF3DEECBC0}.Release|Any CPU.ActiveCfg = Release|Any CPU
		{4565617E-08CC-42A3-9F67-F9AF3DEECBC0}.Release|Any CPU.Build.0 = Release|Any CPU
		{97F13C8B-A6BC-4613-8380-F17A688C48A5}.Debug|Any CPU.ActiveCfg = Debug|Any CPU
		{97F13C8B-A6BC-4613-8380-F17A688C48A5}.Debug|Any CPU.Build.0 = Debug|Any CPU
		{97F13C8B-A6BC-4613-8380-F17A688C48A5}.Release|Any CPU.ActiveCfg = Release|Any CPU
		{97F13C8B-A6BC-4613-8380-F17A688C48A5}.Release|Any CPU.Build.0 = Release|Any CPU
		{E2738181-EECA-4642-B473-8268BEB6385C}.Debug|Any CPU.ActiveCfg = Debug|Any CPU
		{E2738181-EECA-4642-B473-8268BEB6385C}.Debug|Any CPU.Build.0 = Debug|Any CPU
		{E2738181-EECA-4642-B473-8268BEB6385C}.Release|Any CPU.ActiveCfg = Release|Any CPU
		{E2738181-EECA-4642-B473-8268BEB6385C}.Release|Any CPU.Build.0 = Release|Any CPU
		{CD43F278-1398-4781-A70C-AE7C352F2442}.Debug|Any CPU.ActiveCfg = Debug|Any CPU
		{CD43F278-1398-4781-A70C-AE7C352F2442}.Debug|Any CPU.Build.0 = Debug|Any CPU
		{CD43F278-1398-4781-A70C-AE7C352F2442}.Release|Any CPU.ActiveCfg = Release|Any CPU
		{CD43F278-1398-4781-A70C-AE7C352F2442}.Release|Any CPU.Build.0 = Release|Any CPU
		{52118A5F-3E8C-4D94-A9F3-8ED635A64CFC}.Debug|Any CPU.ActiveCfg = Debug|Any CPU
		{52118A5F-3E8C-4D94-A9F3-8ED635A64CFC}.Debug|Any CPU.Build.0 = Debug|Any CPU
		{52118A5F-3E8C-4D94-A9F3-8ED635A64CFC}.Release|Any CPU.ActiveCfg = Release|Any CPU
		{52118A5F-3E8C-4D94-A9F3-8ED635A64CFC}.Release|Any CPU.Build.0 = Release|Any CPU
		{F5665978-0738-4627-B79F-887FCA574746}.Debug|Any CPU.ActiveCfg = Debug|Any CPU
		{F5665978-0738-4627-B79F-887FCA574746}.Debug|Any CPU.Build.0 = Debug|Any CPU
		{F5665978-0738-4627-B79F-887FCA574746}.Release|Any CPU.ActiveCfg = Release|Any CPU
		{F5665978-0738-4627-B79F-887FCA574746}.Release|Any CPU.Build.0 = Release|Any CPU
		{B4657BC2-D80B-4510-AA7D-65ACAE305889}.Debug|Any CPU.ActiveCfg = Debug|Any CPU
		{B4657BC2-D80B-4510-AA7D-65ACAE305889}.Debug|Any CPU.Build.0 = Debug|Any CPU
		{B4657BC2-D80B-4510-AA7D-65ACAE305889}.Release|Any CPU.ActiveCfg = Release|Any CPU
		{B4657BC2-D80B-4510-AA7D-65ACAE305889}.Release|Any CPU.Build.0 = Release|Any CPU
		{6DA1C36F-BB12-401B-B550-DA4313D4B5F3}.Debug|Any CPU.ActiveCfg = Debug|Any CPU
		{6DA1C36F-BB12-401B-B550-DA4313D4B5F3}.Debug|Any CPU.Build.0 = Debug|Any CPU
		{6DA1C36F-BB12-401B-B550-DA4313D4B5F3}.Release|Any CPU.ActiveCfg = Release|Any CPU
		{6DA1C36F-BB12-401B-B550-DA4313D4B5F3}.Release|Any CPU.Build.0 = Release|Any CPU
		{6011E3E6-0510-46F1-8EF3-ECDBD0027CE8}.Debug|Any CPU.ActiveCfg = Debug|Any CPU
		{6011E3E6-0510-46F1-8EF3-ECDBD0027CE8}.Debug|Any CPU.Build.0 = Debug|Any CPU
		{6011E3E6-0510-46F1-8EF3-ECDBD0027CE8}.Release|Any CPU.ActiveCfg = Release|Any CPU
		{6011E3E6-0510-46F1-8EF3-ECDBD0027CE8}.Release|Any CPU.Build.0 = Release|Any CPU
		{EA9AC699-31A1-4586-9103-D0A7DC7E84DC}.Debug|Any CPU.ActiveCfg = Debug|Any CPU
		{EA9AC699-31A1-4586-9103-D0A7DC7E84DC}.Debug|Any CPU.Build.0 = Debug|Any CPU
		{EA9AC699-31A1-4586-9103-D0A7DC7E84DC}.Release|Any CPU.ActiveCfg = Release|Any CPU
		{EA9AC699-31A1-4586-9103-D0A7DC7E84DC}.Release|Any CPU.Build.0 = Release|Any CPU
		{2564528C-45E7-4612-8B9B-105838287F92}.Debug|Any CPU.ActiveCfg = Debug|Any CPU
		{2564528C-45E7-4612-8B9B-105838287F92}.Debug|Any CPU.Build.0 = Debug|Any CPU
		{2564528C-45E7-4612-8B9B-105838287F92}.Release|Any CPU.ActiveCfg = Release|Any CPU
		{2564528C-45E7-4612-8B9B-105838287F92}.Release|Any CPU.Build.0 = Release|Any CPU
		{4A29A431-BEB0-41F4-8789-F18A310AAA70}.Debug|Any CPU.ActiveCfg = Debug|Any CPU
		{4A29A431-BEB0-41F4-8789-F18A310AAA70}.Debug|Any CPU.Build.0 = Debug|Any CPU
		{4A29A431-BEB0-41F4-8789-F18A310AAA70}.Release|Any CPU.ActiveCfg = Release|Any CPU
		{4A29A431-BEB0-41F4-8789-F18A310AAA70}.Release|Any CPU.Build.0 = Release|Any CPU
	EndGlobalSection
	GlobalSection(SolutionProperties) = preSolution
		HideSolutionNode = FALSE
	EndGlobalSection
	GlobalSection(NestedProjects) = preSolution
		{97F13C8B-A6BC-4613-8380-F17A688C48A5} = {07DB88DB-A8D7-49DB-AD64-6A56D9B6036D}
		{E2738181-EECA-4642-B473-8268BEB6385C} = {07DB88DB-A8D7-49DB-AD64-6A56D9B6036D}
		{CD43F278-1398-4781-A70C-AE7C352F2442} = {07DB88DB-A8D7-49DB-AD64-6A56D9B6036D}
		{52118A5F-3E8C-4D94-A9F3-8ED635A64CFC} = {07DB88DB-A8D7-49DB-AD64-6A56D9B6036D}
	EndGlobalSection
EndGlobal
